<?xml version="1.0" encoding="utf-8"?>
<Project ToolsVersion="4.0" xmlns="http://schemas.microsoft.com/developer/msbuild/2003">
  <ItemGroup>
    <Filter Include="ソース ファイル">
      <UniqueIdentifier>{4FC737F1-C7A5-4376-A066-2A32D752A2FF}</UniqueIdentifier>
      <Extensions>cpp;c;cc;cxx;def;odl;idl;hpj;bat;asm;asmx</Extensions>
    </Filter>
    <Filter Include="ヘッダー ファイル">
      <UniqueIdentifier>{93995380-89BD-4b04-88EB-625FBE52EBFB}</UniqueIdentifier>
      <Extensions>h;hh;hpp;hxx;hm;inl;inc;ipp;xsd</Extensions>
    </Filter>
    <Filter Include="リソース ファイル">
      <UniqueIdentifier>{67DA6AB6-F800-4c08-8B7A-83BB121AAD01}</UniqueIdentifier>
      <Extensions>rc;ico;cur;bmp;dlg;rc2;rct;bin;rgs;gif;jpg;jpeg;jpe;resx;tiff;tif;png;wav;mfcribbon-ms</Extensions>
    </Filter>
  </ItemGroup>
  <ItemGroup>
    <ClCompile Include="src\dontTouch\main.cpp">
      <Filter>ソース ファイル</Filter>
    </ClCompile>
    <ClCompile Include="src\dontTouch\MyGame\MyGame.cpp">
      <Filter>ソース ファイル</Filter>
    </ClCompile>
    <ClCompile Include="src\canTouch\GameObject\TestObject\EnemyGenerator\EnemyGeneratorScript.cpp">
      <Filter>ソース ファイル</Filter>
    </ClCompile>
    <ClCompile Include="src\canTouch\GameObject\TestObject\Player\PlayerScript.cpp">
      <Filter>ソース ファイル</Filter>
    </ClCompile>
    <ClCompile Include="src\canTouch\GameObject\TestObject\PlayerBullet\PlayerBulletScript.cpp">
      <Filter>ソース ファイル</Filter>
    </ClCompile>
    <ClCompile Include="src\canTouch\Scene\LoadScene.cpp">
      <Filter>ソース ファイル</Filter>
    </ClCompile>
    <ClCompile Include="src\canTouch\Scene\MainScene.cpp">
      <Filter>ソース ファイル</Filter>
    </ClCompile>
    <ClCompile Include="src\canTouch\GameObject\TestObject\PlayerHpUi\PlayerHpUiScript.cpp">
      <Filter>ソース ファイル</Filter>
    </ClCompile>
    <ClCompile Include="src\canTouch\GameObject\TestObject\Enemy\NormalEnemy\NormalEnemyScript.cpp">
      <Filter>ソース ファイル</Filter>
    </ClCompile>
    <ClCompile Include="src\canTouch\GameObject\TestObject\Enemy\BossEnemy\BossEnemyScript.cpp">
      <Filter>ソース ファイル</Filter>
    </ClCompile>
    <ClCompile Include="src\canTouch\GameObject\TestObject\EnemyBullet\EnemyNormalBullet\EnemyNormalBulletScript.cpp">
      <Filter>ソース ファイル</Filter>
    </ClCompile>
    <ClCompile Include="src\canTouch\Scene\TitleScene.cpp">
      <Filter>ソース ファイル</Filter>
    </ClCompile>
    <ClCompile Include="src\canTouch\GameObject\TitleObject\TitleLogo\TitleLogoScript.cpp">
      <Filter>ソース ファイル</Filter>
    </ClCompile>
    <ClCompile Include="src\canTouch\GameObject\TitleObject\TitleCursor\TitleCursorScript.cpp">
      <Filter>ソース ファイル</Filter>
    </ClCompile>
    <ClCompile Include="src\canTouch\GameObject\TitleObject\TitleMenuItem\GameStartItem\GameStartItemScript.cpp">
      <Filter>ソース ファイル</Filter>
    </ClCompile>
    <ClCompile Include="src\canTouch\GameObject\TestObject\GameEndChecker\GameEndCheckerScript.cpp">
      <Filter>ソース ファイル</Filter>
    </ClCompile>
    <ClCompile Include="src\canTouch\GameObject\TestObject\Explosion\ExplosionScript.cpp">
      <Filter>ソース ファイル</Filter>
    </ClCompile>
    <ClCompile Include="src\canTouch\Scene\ClearScene.cpp">
      <Filter>ソース ファイル</Filter>
    </ClCompile>
    <ClCompile Include="src\canTouch\Scene\GameOverScene.cpp">
      <Filter>ソース ファイル</Filter>
    </ClCompile>
    <ClCompile Include="src\canTouch\Scene\ResultScene.cpp">
      <Filter>ソース ファイル</Filter>
    </ClCompile>
    <ClCompile Include="src\canTouch\Scene\PauseScene.cpp">
      <Filter>ソース ファイル</Filter>
    </ClCompile>
    <ClCompile Include="src\canTouch\GameObject\GameClearObject\GameClearLogo\GameClearLogoScript.cpp">
      <Filter>ソース ファイル</Filter>
    </ClCompile>
    <ClCompile Include="src\canTouch\GameObject\ResultObject\ResultLogo\ResultLogoScript.cpp">
      <Filter>ソース ファイル</Filter>
    </ClCompile>
    <ClCompile Include="src\canTouch\GameObject\GameOverObject\GameOverLogo\GameOverLogoScript.cpp">
      <Filter>ソース ファイル</Filter>
    </ClCompile>
    <ClCompile Include="src\canTouch\GameObject\PauseObject\PauseLogo\PauseLogoScript.cpp">
      <Filter>ソース ファイル</Filter>
    </ClCompile>
    <ClCompile Include="src\canTouch\GameObject\TestObject\BackGround\BackGround1\BackGround_1Script.cpp">
      <Filter>ソース ファイル</Filter>
    </ClCompile>
    <ClCompile Include="src\canTouch\GameObject\TestObject\Core\StayCore\CoreScript.cpp">
      <Filter>ソース ファイル</Filter>
    </ClCompile>
    <ClCompile Include="src\canTouch\GameObject\TestObject\Core\setCore\setCoreScript.cpp">
      <Filter>ソース ファイル</Filter>
    </ClCompile>
    <ClCompile Include="src\canTouch\GameObject\TestObject\CoreBullet\CoreBulletScript.cpp">
      <Filter>ソース ファイル</Filter>
    </ClCompile>
    <ClCompile Include="src\canTouch\GameObject\TestObject\Enemy\VirusEnemy1-1\VirusEnemyScript1-1.cpp">
      <Filter>ソース ファイル</Filter>
    </ClCompile>
    <ClCompile Include="src\canTouch\GameObject\TestObject\Push_Space\Push_SpaceScript.cpp">
      <Filter>ソース ファイル</Filter>
    </ClCompile>
    <ClCompile Include="src\canTouch\GameObject\TestObject\Explosion_Enemy\Explosion_EnemyScript.cpp">
      <Filter>ソース ファイル</Filter>
    </ClCompile>
    <ClCompile Include="src\canTouch\GameObject\TestObject\Enemy\VirusEnemy1-2\VirusEnemyScript1_2.cpp">
      <Filter>ソース ファイル</Filter>
    </ClCompile>
    <ClCompile Include="src\canTouch\GameObject\TestObject\Enemy\VirusEnemy2\VirusEnemyScript2.cpp">
      <Filter>ソース ファイル</Filter>
    </ClCompile>
    <ClCompile Include="src\canTouch\GameObject\TestObject\EnemyBullet\VirusEnemyBullet\VirusEnemyBulletScript.cpp">
      <Filter>ソース ファイル</Filter>
    </ClCompile>
    <ClCompile Include="src\canTouch\GameObject\TestObject\Enemy\VirusEnemy3-1\VirusEnemyScript3-1.cpp">
      <Filter>ソース ファイル</Filter>
    </ClCompile>
    <ClCompile Include="src\canTouch\GameObject\TitleObject\TitleMenuItem\GameEndItem\Source.cppGameEndItemScript.cpp">
      <Filter>ソース ファイル</Filter>
    </ClCompile>
    <ClCompile Include="src\canTouch\GameObject\TitleObject\TitleMenuItem\TitleDummyItem\TitleDummyItemScript.cpp.cpp">
      <Filter>ソース ファイル</Filter>
    </ClCompile>
    <ClCompile Include="src\canTouch\GameObject\ResultObject\Score\ScoreScript.cpp">
      <Filter>ソース ファイル</Filter>
    </ClCompile>
    <ClCompile Include="src\canTouch\GameObject\PauseObject\RestartButton\RestartButtonScript.cpp">
      <Filter>ソース ファイル</Filter>
    </ClCompile>
    <ClCompile Include="src\canTouch\GameObject\TestObject\Enemy\Boss\BossScript.cpp">
      <Filter>ソース ファイル</Filter>
    </ClCompile>
    <ClCompile Include="src\canTouch\GameObject\TestObject\Enemy\Boss\BossTeleportation\BossTeleportationScript.cpp">
      <Filter>ソース ファイル</Filter>
    </ClCompile>
    <ClCompile Include="src\canTouch\GameObject\TestObject\Enemy\Boss\BossDead\BossDeadScript.cpp">
      <Filter>ソース ファイル</Filter>
    </ClCompile>
    <ClCompile Include="src\canTouch\GameObject\MainObject\Score_Screen_Script.cpp">
      <Filter>ソース ファイル</Filter>
    </ClCompile>
    <ClCompile Include="src\canTouch\GameObject\TestObject\Enemy\VirusEnemy4\VirusEnemyScript4.cpp">
      <Filter>ソース ファイル</Filter>
    </ClCompile>
    <ClCompile Include="src\canTouch\GameObject\MainObject\Item\Item.cpp">
      <Filter>ソース ファイル</Filter>
    </ClCompile>
    <ClCompile Include="src\canTouch\GameObject\TestObject\Enemy\Boss2\Boss2Script.cpp">
      <Filter>ソース ファイル</Filter>
    </ClCompile>
    <ClCompile Include="src\canTouch\GameObject\TestObject\Enemy\Boss2\BossCore1\BossCoreScript.cpp">
      <Filter>ソース ファイル</Filter>
    </ClCompile>
    <ClCompile Include="src\canTouch\GameObject\TestObject\Enemy\Boss2\BossCore1\BossCoreDeadScript.cpp">
      <Filter>ソース ファイル</Filter>
    </ClCompile>
    <ClCompile Include="src\canTouch\GameObject\TestObject\Enemy\Boss2\BossCore2\BossCore2Script.cpp">
      <Filter>ソース ファイル</Filter>
    </ClCompile>
    <ClCompile Include="src\canTouch\GameObject\TestObject\Enemy\Boss2\BossCore2\BossCore2DeadScript.cpp">
      <Filter>ソース ファイル</Filter>
    </ClCompile>
    <ClCompile Include="src\canTouch\GameObject\TestObject\Enemy\VirusEnemy5\VirusEnemyScript5.cpp">
      <Filter>ソース ファイル</Filter>
    </ClCompile>
  </ItemGroup>
  <ItemGroup>
    <ClInclude Include="src\dontTouch\MyGame\MyGame.h">
      <Filter>ヘッダー ファイル</Filter>
    </ClInclude>
    <ClInclude Include="src\canTouch\Utility\ScreenSize.h">
      <Filter>ヘッダー ファイル</Filter>
    </ClInclude>
    <ClInclude Include="src\canTouch\Utility\DrawPriority.h">
      <Filter>ヘッダー ファイル</Filter>
    </ClInclude>
    <ClInclude Include="src\canTouch\Enums\CollisionGroup.h">
      <Filter>ヘッダー ファイル</Filter>
    </ClInclude>
    <ClInclude Include="src\canTouch\Enums\GameObjectTag.h">
      <Filter>ヘッダー ファイル</Filter>
    </ClInclude>
    <ClInclude Include="src\canTouch\Enums\ImageId.h">
      <Filter>ヘッダー ファイル</Filter>
    </ClInclude>
    <ClInclude Include="src\canTouch\Enums\SceneType.h">
      <Filter>ヘッダー ファイル</Filter>
    </ClInclude>
    <ClInclude Include="src\canTouch\GameObject\LoadObject\ImageLoadObject.h">
      <Filter>ヘッダー ファイル</Filter>
    </ClInclude>
    <ClInclude Include="src\canTouch\GameObject\TestObject\EnemyGenerator\EnemyGenerator.h">
      <Filter>ヘッダー ファイル</Filter>
    </ClInclude>
    <ClInclude Include="src\canTouch\GameObject\TestObject\EnemyGenerator\EnemyGeneratorScript.h">
      <Filter>ヘッダー ファイル</Filter>
    </ClInclude>
    <ClInclude Include="src\canTouch\GameObject\TestObject\Player\Player.h">
      <Filter>ヘッダー ファイル</Filter>
    </ClInclude>
    <ClInclude Include="src\canTouch\GameObject\TestObject\Player\PlayerScript.h">
      <Filter>ヘッダー ファイル</Filter>
    </ClInclude>
    <ClInclude Include="src\canTouch\GameObject\TestObject\PlayerBullet\PlayerBullet.h">
      <Filter>ヘッダー ファイル</Filter>
    </ClInclude>
    <ClInclude Include="src\canTouch\GameObject\TestObject\PlayerBullet\PlayerBulletScript.h">
      <Filter>ヘッダー ファイル</Filter>
    </ClInclude>
    <ClInclude Include="src\canTouch\Scene\LoadScene.h">
      <Filter>ヘッダー ファイル</Filter>
    </ClInclude>
    <ClInclude Include="src\canTouch\Scene\MainScene.h">
      <Filter>ヘッダー ファイル</Filter>
    </ClInclude>
    <ClInclude Include="src\canTouch\GameObject\TestObject\PlayerHpUi\PlayerHpUi.h">
      <Filter>ヘッダー ファイル</Filter>
    </ClInclude>
    <ClInclude Include="src\canTouch\GameObject\TestObject\PlayerHpUi\PlayerHpUiScript.h">
      <Filter>ヘッダー ファイル</Filter>
    </ClInclude>
    <ClInclude Include="src\canTouch\GameObject\TestObject\Enemy\NormalEnemy\NormalEnemy.h">
      <Filter>ヘッダー ファイル</Filter>
    </ClInclude>
    <ClInclude Include="src\canTouch\GameObject\TestObject\Enemy\NormalEnemy\NormalEnemyScript.h">
      <Filter>ヘッダー ファイル</Filter>
    </ClInclude>
    <ClInclude Include="src\canTouch\GameObject\TestObject\Enemy\BossEnemy\BossEnemy.h">
      <Filter>ヘッダー ファイル</Filter>
    </ClInclude>
    <ClInclude Include="src\canTouch\GameObject\TestObject\Enemy\BossEnemy\BossEnemyScript.h">
      <Filter>ヘッダー ファイル</Filter>
    </ClInclude>
    <ClInclude Include="src\canTouch\GameObject\TestObject\EnemyBullet\EnemyNormalBullet\EnemyNormalBullet.h">
      <Filter>ヘッダー ファイル</Filter>
    </ClInclude>
    <ClInclude Include="src\canTouch\GameObject\TestObject\EnemyBullet\EnemyNormalBullet\EnemyNormalBulletScript.h">
      <Filter>ヘッダー ファイル</Filter>
    </ClInclude>
    <ClInclude Include="src\canTouch\Scene\TitleScene.h">
      <Filter>ヘッダー ファイル</Filter>
    </ClInclude>
    <ClInclude Include="src\canTouch\GameObject\TitleObject\TitleLogo\TitleLogo.h">
      <Filter>ヘッダー ファイル</Filter>
    </ClInclude>
    <ClInclude Include="src\canTouch\GameObject\TitleObject\TitleLogo\TitleLogoScript.h">
      <Filter>ヘッダー ファイル</Filter>
    </ClInclude>
    <ClInclude Include="src\canTouch\GameObject\TitleObject\TitleCursor\TitleCursor.h">
      <Filter>ヘッダー ファイル</Filter>
    </ClInclude>
    <ClInclude Include="src\canTouch\GameObject\TitleObject\TitleCursor\TitleCursorScript.h">
      <Filter>ヘッダー ファイル</Filter>
    </ClInclude>
    <ClInclude Include="src\canTouch\GameObject\TitleObject\TitleMenuItem\GameStartItem\GameStartItem.h">
      <Filter>ヘッダー ファイル</Filter>
    </ClInclude>
    <ClInclude Include="src\canTouch\GameObject\TitleObject\TitleMenuItem\GameStartItem\GameStartItemScript.h">
      <Filter>ヘッダー ファイル</Filter>
    </ClInclude>
    <ClInclude Include="src\canTouch\Enums\EventMessageType.h">
      <Filter>ヘッダー ファイル</Filter>
    </ClInclude>
    <ClInclude Include="src\canTouch\GameObject\TestObject\GameEndChecker\GameEndChecker.h">
      <Filter>ヘッダー ファイル</Filter>
    </ClInclude>
    <ClInclude Include="src\canTouch\GameObject\TestObject\GameEndChecker\GameEndCheckerScript.h">
      <Filter>ヘッダー ファイル</Filter>
    </ClInclude>
    <ClInclude Include="src\canTouch\GameObject\TestObject\AnimSample\AnimSample.h">
      <Filter>ヘッダー ファイル</Filter>
    </ClInclude>
    <ClInclude Include="src\dontTouch\ProjectIncludePaths\ProjectIncludePaths.h">
      <Filter>ヘッダー ファイル</Filter>
    </ClInclude>
    <ClInclude Include="src\canTouch\Utility\CollisionGroupSetter.h">
      <Filter>ヘッダー ファイル</Filter>
    </ClInclude>
    <ClInclude Include="src\canTouch\Utility\SceneTypeSetter.h">
      <Filter>ヘッダー ファイル</Filter>
    </ClInclude>
    <ClInclude Include="src\canTouch\Enums\SeId.h">
      <Filter>ヘッダー ファイル</Filter>
    </ClInclude>
    <ClInclude Include="src\canTouch\Enums\BgmId.h">
      <Filter>ヘッダー ファイル</Filter>
    </ClInclude>
    <ClInclude Include="src\canTouch\GameObject\LoadObject\SeLoadObject.h">
      <Filter>ヘッダー ファイル</Filter>
    </ClInclude>
    <ClInclude Include="src\canTouch\GameObject\LoadObject\BgmLoadObject.h">
      <Filter>ヘッダー ファイル</Filter>
    </ClInclude>
    <ClInclude Include="src\canTouch\GameObject\TestObject\GamePlayBgmPlayer\GamePlayBgmPlayer.h">
      <Filter>ヘッダー ファイル</Filter>
    </ClInclude>
    <ClInclude Include="src\canTouch\GameObject\TestObject\Explosion\Explosion.h">
      <Filter>ヘッダー ファイル</Filter>
    </ClInclude>
    <ClInclude Include="src\canTouch\GameObject\TestObject\Explosion\ExplosionScript.h">
      <Filter>ヘッダー ファイル</Filter>
    </ClInclude>
    <ClInclude Include="src\canTouch\Scene\ClearScene.h">
      <Filter>ヘッダー ファイル</Filter>
    </ClInclude>
    <ClInclude Include="src\canTouch\Scene\GameOverScene.h">
      <Filter>ヘッダー ファイル</Filter>
    </ClInclude>
    <ClInclude Include="src\canTouch\Scene\ResultScene.h">
      <Filter>ヘッダー ファイル</Filter>
    </ClInclude>
    <ClInclude Include="src\canTouch\Scene\PauseScene.h">
      <Filter>ヘッダー ファイル</Filter>
    </ClInclude>
    <ClInclude Include="src\canTouch\GameObject\GameClearObject\GameClearLogo\GameClearLogoScript.h">
      <Filter>ヘッダー ファイル</Filter>
    </ClInclude>
    <ClInclude Include="src\canTouch\GameObject\GameClearObject\GameClearLogo\GameClearLogo.h">
      <Filter>ヘッダー ファイル</Filter>
    </ClInclude>
    <ClInclude Include="src\canTouch\GameObject\ResultObject\ResultLogo\ResultLogoScript.h">
      <Filter>ヘッダー ファイル</Filter>
    </ClInclude>
    <ClInclude Include="src\canTouch\GameObject\ResultObject\ResultLogo\ResultLogo.h">
      <Filter>ヘッダー ファイル</Filter>
    </ClInclude>
    <ClInclude Include="src\canTouch\GameObject\GameOverObject\GameOverLogo\GameOverLogoScript.h">
      <Filter>ヘッダー ファイル</Filter>
    </ClInclude>
    <ClInclude Include="src\canTouch\GameObject\GameOverObject\GameOverLogo\GameOverLogo.h">
      <Filter>ヘッダー ファイル</Filter>
    </ClInclude>
    <ClInclude Include="src\canTouch\GameObject\PauseObject\PauseLogo\PauseLogoScript.h">
      <Filter>ヘッダー ファイル</Filter>
    </ClInclude>
    <ClInclude Include="src\canTouch\GameObject\PauseObject\PauseLogo\PauseLogo.h">
      <Filter>ヘッダー ファイル</Filter>
    </ClInclude>
    <ClInclude Include="src\canTouch\GameObject\TestObject\BackGround\BackGround1\BackGround_1.h">
      <Filter>ヘッダー ファイル</Filter>
    </ClInclude>
    <ClInclude Include="src\canTouch\GameObject\TestObject\BackGround\BackGround1\BackGround_1Script.h">
      <Filter>ヘッダー ファイル</Filter>
    </ClInclude>
    <ClInclude Include="src\canTouch\GameObject\TestObject\Core\StayCore\CoreScript.h">
      <Filter>ヘッダー ファイル</Filter>
    </ClInclude>
    <ClInclude Include="src\canTouch\GameObject\TestObject\Core\StayCore\Core.h">
      <Filter>ヘッダー ファイル</Filter>
    </ClInclude>
    <ClInclude Include="src\canTouch\GameObject\TestObject\Core\setCore\setCoreScript.h">
      <Filter>ヘッダー ファイル</Filter>
    </ClInclude>
    <ClInclude Include="src\canTouch\GameObject\TestObject\CoreBullet\CoreBulletScript.h">
      <Filter>ヘッダー ファイル</Filter>
    </ClInclude>
    <ClInclude Include="src\canTouch\GameObject\TestObject\CoreBullet\CoreBullet.h">
      <Filter>ヘッダー ファイル</Filter>
    </ClInclude>
    <ClInclude Include="src\canTouch\GameObject\TestObject\Enemy\VirusEnemy1-1\VirusEnemy1-1.h">
      <Filter>ヘッダー ファイル</Filter>
    </ClInclude>
    <ClInclude Include="src\canTouch\GameObject\TestObject\Enemy\VirusEnemy1-1\VirusEnemyScript1-1.h">
      <Filter>ヘッダー ファイル</Filter>
    </ClInclude>
    <ClInclude Include="src\canTouch\GameObject\TestObject\Push_Space\Push_Space.h">
      <Filter>ヘッダー ファイル</Filter>
    </ClInclude>
    <ClInclude Include="src\canTouch\GameObject\TestObject\Push_Space\Push_SpaceScript.h">
      <Filter>ヘッダー ファイル</Filter>
    </ClInclude>
    <ClInclude Include="src\canTouch\GameObject\GameClearObject\GameClearLogo\GameClearBGM.h">
      <Filter>ヘッダー ファイル</Filter>
    </ClInclude>
    <ClInclude Include="src\canTouch\GameObject\GameOverObject\GameOverLogo\GameOverBGM.h">
      <Filter>ヘッダー ファイル</Filter>
    </ClInclude>
    <ClInclude Include="src\canTouch\GameObject\TestObject\Explosion_Enemy\Explosion_Enemy.h">
      <Filter>ヘッダー ファイル</Filter>
    </ClInclude>
    <ClInclude Include="src\canTouch\GameObject\TestObject\Explosion_Enemy\Explosion_EnemyScript.h">
      <Filter>ヘッダー ファイル</Filter>
    </ClInclude>
    <ClInclude Include="src\canTouch\GameObject\TestObject\Enemy\VirusEnemy1-2\VirusEnemy1-2.h">
      <Filter>ヘッダー ファイル</Filter>
    </ClInclude>
    <ClInclude Include="src\canTouch\GameObject\TestObject\Enemy\VirusEnemy1-2\VirusEnemyScript1-2.h">
      <Filter>ヘッダー ファイル</Filter>
    </ClInclude>
    <ClInclude Include="src\canTouch\GameObject\TestObject\Enemy\VirusEnemy2\VirusEnemyScript2.h">
      <Filter>ヘッダー ファイル</Filter>
    </ClInclude>
    <ClInclude Include="src\canTouch\GameObject\TestObject\Enemy\VirusEnemy2\VirusEnemy2.h">
      <Filter>ヘッダー ファイル</Filter>
    </ClInclude>
    <ClInclude Include="src\canTouch\GameObject\TestObject\EnemyBullet\VirusEnemyBullet\VirusEnemyBulletScript.h">
      <Filter>ヘッダー ファイル</Filter>
    </ClInclude>
    <ClInclude Include="src\canTouch\GameObject\TestObject\EnemyBullet\VirusEnemyBullet\VirusEnemyBullet.h">
      <Filter>ヘッダー ファイル</Filter>
    </ClInclude>
    <ClInclude Include="src\canTouch\GameObject\TestObject\Enemy\VirusEnemy3-1\VirusEnemyScript3-1.h">
      <Filter>ヘッダー ファイル</Filter>
    </ClInclude>
    <ClInclude Include="src\canTouch\GameObject\TestObject\Enemy\VirusEnemy3-1\VirusEnemy3-1.h">
      <Filter>ヘッダー ファイル</Filter>
    </ClInclude>
    <ClInclude Include="src\canTouch\GameObject\TitleObject\TitleMenuItem\GameEndItem\GameEndItem.h">
      <Filter>ヘッダー ファイル</Filter>
    </ClInclude>
    <ClInclude Include="src\canTouch\GameObject\TitleObject\TitleMenuItem\GameEndItem\GameEndItemScript.h">
      <Filter>ヘッダー ファイル</Filter>
    </ClInclude>
    <ClInclude Include="src\canTouch\GameObject\TitleObject\TitleMenuItem\TitleDummyItem\TitleDummyItem.h">
      <Filter>ヘッダー ファイル</Filter>
    </ClInclude>
    <ClInclude Include="src\canTouch\GameObject\TitleObject\TitleMenuItem\TitleDummyItem\TitleDummyItemScript.h">
      <Filter>ヘッダー ファイル</Filter>
    </ClInclude>
    <ClInclude Include="src\canTouch\GameObject\ResultObject\Score\Score.h">
      <Filter>ヘッダー ファイル</Filter>
    </ClInclude>
    <ClInclude Include="src\canTouch\GameObject\ResultObject\Score\ScoreScript.h">
      <Filter>ヘッダー ファイル</Filter>
    </ClInclude>
    <ClInclude Include="src\canTouch\GameObject\PauseObject\RestartButton\RestartButton.h">
      <Filter>ヘッダー ファイル</Filter>
    </ClInclude>
    <ClInclude Include="src\canTouch\GameObject\PauseObject\RestartButton\RestartButtonScript.h">
      <Filter>ヘッダー ファイル</Filter>
    </ClInclude>
    <ClInclude Include="src\canTouch\GameObject\TestObject\Enemy\Boss\BossScript.h">
      <Filter>ヘッダー ファイル</Filter>
    </ClInclude>
    <ClInclude Include="src\canTouch\GameObject\TestObject\Enemy\Boss\Boss.h">
      <Filter>ヘッダー ファイル</Filter>
    </ClInclude>
    <ClInclude Include="src\canTouch\GameObject\TestObject\Enemy\Boss\BossTeleportation\BossTeleportationScript.h">
      <Filter>ヘッダー ファイル</Filter>
    </ClInclude>
    <ClInclude Include="src\canTouch\GameObject\TestObject\Enemy\Boss\BossTeleportation\BossTeleportation.h">
      <Filter>ヘッダー ファイル</Filter>
    </ClInclude>
    <ClInclude Include="src\canTouch\GameObject\MainObject\Score_Screen.h">
      <Filter>ヘッダー ファイル</Filter>
    </ClInclude>
    <ClInclude Include="src\canTouch\GameObject\TestObject\Enemy\Boss\BossDead\BossDeadScript.h">
      <Filter>ヘッダー ファイル</Filter>
    </ClInclude>
    <ClInclude Include="src\canTouch\GameObject\TestObject\Enemy\Boss\BossDead\BossDead.h">
      <Filter>ヘッダー ファイル</Filter>
    </ClInclude>
    <ClInclude Include="src\canTouch\GameObject\MainObject\Score_Screen_Script.h">
      <Filter>ヘッダー ファイル</Filter>
    </ClInclude>
    <ClInclude Include="src\canTouch\GameObject\TestObject\Enemy\VirusEnemy4\VirusEnemyScript4.h">
      <Filter>ヘッダー ファイル</Filter>
    </ClInclude>
    <ClInclude Include="src\canTouch\GameObject\TestObject\Enemy\VirusEnemy4\VirusEnemy4.h">
      <Filter>ヘッダー ファイル</Filter>
    </ClInclude>
    <ClInclude Include="src\canTouch\GameObject\MainObject\Item\ITemScript.h">
      <Filter>ヘッダー ファイル</Filter>
    </ClInclude>
    <ClInclude Include="src\canTouch\GameObject\MainObject\Item\Item.h">
      <Filter>ヘッダー ファイル</Filter>
    </ClInclude>
    <ClInclude Include="src\canTouch\GameObject\TestObject\Enemy\Boss2\Boss2.h">
      <Filter>ヘッダー ファイル</Filter>
    </ClInclude>
    <ClInclude Include="src\canTouch\GameObject\TestObject\Enemy\Boss2\Boss2Script.h">
      <Filter>ヘッダー ファイル</Filter>
    </ClInclude>
    <ClInclude Include="src\canTouch\GameObject\TestObject\Enemy\Boss2\BossCore1\BossCore1.h">
      <Filter>ヘッダー ファイル</Filter>
    </ClInclude>
    <ClInclude Include="src\canTouch\GameObject\TestObject\Enemy\Boss2\BossCore1\BossCoreScript.h">
      <Filter>ヘッダー ファイル</Filter>
    </ClInclude>
    <ClInclude Include="src\canTouch\GameObject\TestObject\Enemy\Boss2\BossCore1\BossCoreDeadScript.h">
      <Filter>ヘッダー ファイル</Filter>
    </ClInclude>
    <ClInclude Include="src\canTouch\GameObject\TestObject\Enemy\Boss2\BossCore2\BossCore2.h">
      <Filter>ヘッダー ファイル</Filter>
    </ClInclude>
    <ClInclude Include="src\canTouch\GameObject\TestObject\Enemy\Boss2\BossCore2\BossCore2Script.h">
      <Filter>ヘッダー ファイル</Filter>
    </ClInclude>
    <ClInclude Include="src\canTouch\GameObject\TestObject\Enemy\Boss2\BossCore2\BossCore2DeadScript.h">
      <Filter>ヘッダー ファイル</Filter>
    </ClInclude>
    <ClInclude Include="src\canTouch\GameObject\TestObject\Enemy\VirusEnemy5\VirusEnemyScript5.h">
      <Filter>ヘッダー ファイル</Filter>
    </ClInclude>
    <ClInclude Include="src\canTouch\GameObject\TestObject\Enemy\VirusEnemy5\VirusEnemy5.h">
      <Filter>ヘッダー ファイル</Filter>
    </ClInclude>
  </ItemGroup>
</Project>